
Microsoft Visual Studio Solution File, Format Version 12.00
# Visual Studio Version 17
VisualStudioVersion = 17.5.002.0
MinimumVisualStudioVersion = 10.0.40219.1
Project("{9A19103F-16F7-4668-BE54-9A1E7A4F7556}") = "CharlieApi", "CharlieApi.csproj", "{9571CE7C-24BA-40F7-A88A-E675B64FFD00}"
EndProject
Project("{FAE04EC0-301F-11D3-BF4B-00C04F79EFBC}") = "CharlieApiTests", "..\CharlieApiTests\CharlieApiTests.csproj", "{E032AEF1-A121-42FE-A7B5-020548D32CE1}"
EndProject
Global
	GlobalSection(SolutionConfigurationPlatforms) = preSolution
		Debug|Any CPU = Debug|Any CPU
		Release|Any CPU = Release|Any CPU
	EndGlobalSection
	GlobalSection(ProjectConfigurationPlatforms) = postSolution
		{9571CE7C-24BA-40F7-A88A-E675B64FFD00}.Debug|Any CPU.ActiveCfg = Debug|Any CPU
		{9571CE7C-24BA-40F7-A88A-E675B64FFD00}.Debug|Any CPU.Build.0 = Debug|Any CPU
		{9571CE7C-24BA-40F7-A88A-E675B64FFD00}.Release|Any CPU.ActiveCfg = Release|Any CPU
		{9571CE7C-24BA-40F7-A88A-E675B64FFD00}.Release|Any CPU.Build.0 = Release|Any CPU
		{E032AEF1-A121-42FE-A7B5-020548D32CE1}.Debug|Any CPU.ActiveCfg = Debug|Any CPU
		{E032AEF1-A121-42FE-A7B5-020548D32CE1}.Debug|Any CPU.Build.0 = Debug|Any CPU
		{E032AEF1-A121-42FE-A7B5-020548D32CE1}.Release|Any CPU.ActiveCfg = Release|Any CPU
		{E032AEF1-A121-42FE-A7B5-020548D32CE1}.Release|Any CPU.Build.0 = Release|Any CPU
	EndGlobalSection
	GlobalSection(SolutionProperties) = preSolution
		HideSolutionNode = FALSE
	EndGlobalSection
	GlobalSection(ExtensibilityGlobals) = postSolution
		SolutionGuid = {8529E695-72DF-4AB9-8372-DEE82AA70D9B}
	EndGlobalSection
EndGlobal
